
Microsoft Visual Studio Solution File, Format Version 12.00
# Visual Studio Version 17
VisualStudioVersion = 17.6.33717.318
MinimumVisualStudioVersion = 10.0.40219.1
Project("{9A19103F-16F7-4668-BE54-9A1E7A4F7556}") = "LightstoneAssessment", "LightstoneAssessment\LightstoneAssessment.csproj", "{42814CA3-AF18-4C86-8A18-68ADFB56F41F}"
EndProject
Global
	GlobalSection(SolutionConfigurationPlatforms) = preSolution
		Debug|Any CPU = Debug|Any CPU
		Release|Any CPU = Release|Any CPU
	EndGlobalSection
	GlobalSection(ProjectConfigurationPlatforms) = postSolution
		{42814CA3-AF18-4C86-8A18-68ADFB56F41F}.Debug|Any CPU.ActiveCfg = Debug|Any CPU
		{42814CA3-AF18-4C86-8A18-68ADFB56F41F}.Debug|Any CPU.Build.0 = Debug|Any CPU
		{42814CA3-AF18-4C86-8A18-68ADFB56F41F}.Release|Any CPU.ActiveCfg = Release|Any CPU
		{42814CA3-AF18-4C86-8A18-68ADFB56F41F}.Release|Any CPU.Build.0 = Release|Any CPU
	EndGlobalSection
	GlobalSection(SolutionProperties) = preSolution
		HideSolutionNode = FALSE
	EndGlobalSection
	GlobalSection(ExtensibilityGlobals) = postSolution
		SolutionGuid = {B9FD07CD-5020-432F-BCE0-7A5A50E74E8E}
	EndGlobalSection
EndGlobal
